
Microsoft Visual Studio Solution File, Format Version 12.00
# Visual Studio 15
Project("{FAE04EC0-301F-11D3-BF4B-00C04F79EFBC}") = "linguo", "linguo.csproj", "{116E28A0-3027-4BB7-A0A7-DB2FEA1C7054}"
EndProject
Global
	GlobalSection(SolutionConfigurationPlatforms) = preSolution
		Debug|Any CPU = Debug|Any CPU
		Release|Any CPU = Release|Any CPU
	EndGlobalSection
	GlobalSection(ProjectConfigurationPlatforms) = postSolution
		{116E28A0-3027-4BB7-A0A7-DB2FEA1C7054}.Debug|Any CPU.ActiveCfg = Debug|Any CPU
		{116E28A0-3027-4BB7-A0A7-DB2FEA1C7054}.Debug|Any CPU.Build.0 = Debug|Any CPU
		{116E28A0-3027-4BB7-A0A7-DB2FEA1C7054}.Release|Any CPU.ActiveCfg = Release|Any CPU
		{116E28A0-3027-4BB7-A0A7-DB2FEA1C7054}.Release|Any CPU.Build.0 = Release|Any CPU
	EndGlobalSection
EndGlobal
